
Microsoft Visual Studio Solution File, Format Version 12.00
# Visual Studio 2012
Project("{FAE04EC0-301F-11D3-BF4B-00C04F79EFBC}") = "Praxis", "Praxis\Praxis.csproj", "{53CDFD09-8E66-4622-B068-414A3C34EAAB}"
EndProject
Global
	GlobalSection(SolutionConfigurationPlatforms) = preSolution
		Debug|Any CPU = Debug|Any CPU
		Release|Any CPU = Release|Any CPU
	EndGlobalSection
	GlobalSection(ProjectConfigurationPlatforms) = postSolution
		{53CDFD09-8E66-4622-B068-414A3C34EAAB}.Debug|Any CPU.ActiveCfg = Debug|Any CPU
		{53CDFD09-8E66-4622-B068-414A3C34EAAB}.Debug|Any CPU.Build.0 = Debug|Any CPU
		{53CDFD09-8E66-4622-B068-414A3C34EAAB}.Release|Any CPU.ActiveCfg = Release|Any CPU
		{53CDFD09-8E66-4622-B068-414A3C34EAAB}.Release|Any CPU.Build.0 = Release|Any CPU
	EndGlobalSection
	GlobalSection(SolutionProperties) = preSolution
		HideSolutionNode = FALSE
	EndGlobalSection
EndGlobal
